
Microsoft Visual Studio Solution File, Format Version 12.00
# Visual Studio Version 17
VisualStudioVersion = 17.14.37614.0 d17.14
MinimumVisualStudioVersion = 10.0.40219.1
Project("{FAE04EC0-301F-11D3-BF4B-00C04F79EFBC}") = "NdaFirstDatabase", "NdaFirstDatabase.csproj", "{BE01D7A7-3D7B-4627-967C-2FB24422ECBB}"
EndProject
Global
	GlobalSection(SolutionConfigurationPlatforms) = preSolution
		Debug|Any CPU = Debug|Any CPU
		Release|Any CPU = Release|Any CPU
	EndGlobalSection
	GlobalSection(ProjectConfigurationPlatforms) = postSolution
		{BE01D7A7-3D7B-4627-967C-2FB24422ECBB}.Debug|Any CPU.ActiveCfg = Debug|Any CPU
		{BE01D7A7-3D7B-4627-967C-2FB24422ECBB}.Debug|Any CPU.Build.0 = Debug|Any CPU
		{BE01D7A7-3D7B-4627-967C-2FB24422ECBB}.Release|Any CPU.ActiveCfg = Release|Any CPU
		{BE01D7A7-3D7B-4627-967C-2FB24422ECBB}.Release|Any CPU.Build.0 = Release|Any CPU
	EndGlobalSection
	GlobalSection(SolutionProperties) = preSolution
		HideSolutionNode = FALSE
	EndGlobalSection
	GlobalSection(ExtensibilityGlobals) = postSolution
		SolutionGuid = {A7253566-A300-4809-8D33-DA3BE7850326}
	EndGlobalSection
EndGlobal
